
Microsoft Visual Studio Solution File, Format Version 12.00
# Visual Studio Version 17
VisualStudioVersion = 17.7.34024.191
MinimumVisualStudioVersion = 10.0.40219.1
Project("{9A19103F-16F7-4668-BE54-9A1E7A4F7556}") = "qirvol", "qirvol\qirvol.csproj", "{A66F0440-565B-4836-AA6B-AE2F235F98F8}"
EndProject
Project("{6EC3EE1D-3C4E-46DD-8F32-0CC8E7565705}") = "qtime", "qtime\qtime.fsproj", "{CC6F37AA-AB14-43C7-926B-D8657E03C23D}"
EndProject
Project("{6EC3EE1D-3C4E-46DD-8F32-0CC8E7565705}") = "volatility", "volatility\volatility.fsproj", "{F3B26A77-FA01-46A4-AA3C-DC2E66EEE9B5}"
EndProject
Project("{6EC3EE1D-3C4E-46DD-8F32-0CC8E7565705}") = "qrirvol_tests", "qrirvol_tests\qrirvol_tests.fsproj", "{43E33B12-BFD3-4515-9ABE-56457D622D6F}"
EndProject
Project("{9A19103F-16F7-4668-BE54-9A1E7A4F7556}") = "volatilityService", "volatilityService\volatilityService.csproj", "{3BB89FA0-4812-4A2C-BD14-1BB5FF6003C1}"
EndProject
Project("{9A19103F-16F7-4668-BE54-9A1E7A4F7556}") = "irmodels", "irmodels\irmodels.csproj", "{B28C4783-50A2-4895-9E0D-B26202FE9A5E}"
EndProject
Project("{FAE04EC0-301F-11D3-BF4B-00C04F79EFBC}") = "qsabrexcel", "qsabrexcel\qsabrexcel.csproj", "{1183955A-B25E-4DDA-B052-FF881683234D}"
EndProject
Project("{FAE04EC0-301F-11D3-BF4B-00C04F79EFBC}") = "Math", "Math\Math.csproj", "{A20F37A8-0A49-4AFE-A6B1-EA04D0041685}"
EndProject
Project("{FAE04EC0-301F-11D3-BF4B-00C04F79EFBC}") = "ConsoleApp1", "..\fixedincome\ConsoleApp1\ConsoleApp1.csproj", "{D2E77B1D-A0A7-4FE3-8EA8-DE6D423D91D9}"
EndProject
Global
	GlobalSection(SolutionConfigurationPlatforms) = preSolution
		Debug|Any CPU = Debug|Any CPU
		Release|Any CPU = Release|Any CPU
	EndGlobalSection
	GlobalSection(ProjectConfigurationPlatforms) = postSolution
		{A66F0440-565B-4836-AA6B-AE2F235F98F8}.Debug|Any CPU.ActiveCfg = Debug|Any CPU
		{A66F0440-565B-4836-AA6B-AE2F235F98F8}.Debug|Any CPU.Build.0 = Debug|Any CPU
		{A66F0440-565B-4836-AA6B-AE2F235F98F8}.Release|Any CPU.ActiveCfg = Release|Any CPU
		{A66F0440-565B-4836-AA6B-AE2F235F98F8}.Release|Any CPU.Build.0 = Release|Any CPU
		{CC6F37AA-AB14-43C7-926B-D8657E03C23D}.Debug|Any CPU.ActiveCfg = Debug|Any CPU
		{CC6F37AA-AB14-43C7-926B-D8657E03C23D}.Debug|Any CPU.Build.0 = Debug|Any CPU
		{CC6F37AA-AB14-43C7-926B-D8657E03C23D}.Release|Any CPU.ActiveCfg = Release|Any CPU
		{CC6F37AA-AB14-43C7-926B-D8657E03C23D}.Release|Any CPU.Build.0 = Release|Any CPU
		{F3B26A77-FA01-46A4-AA3C-DC2E66EEE9B5}.Debug|Any CPU.ActiveCfg = Debug|Any CPU
		{F3B26A77-FA01-46A4-AA3C-DC2E66EEE9B5}.Debug|Any CPU.Build.0 = Debug|Any CPU
		{F3B26A77-FA01-46A4-AA3C-DC2E66EEE9B5}.Release|Any CPU.ActiveCfg = Release|Any CPU
		{F3B26A77-FA01-46A4-AA3C-DC2E66EEE9B5}.Release|Any CPU.Build.0 = Release|Any CPU
		{43E33B12-BFD3-4515-9ABE-56457D622D6F}.Debug|Any CPU.ActiveCfg = Debug|Any CPU
		{43E33B12-BFD3-4515-9ABE-56457D622D6F}.Debug|Any CPU.Build.0 = Debug|Any CPU
		{43E33B12-BFD3-4515-9ABE-56457D622D6F}.Release|Any CPU.ActiveCfg = Release|Any CPU
		{43E33B12-BFD3-4515-9ABE-56457D622D6F}.Release|Any CPU.Build.0 = Release|Any CPU
		{3BB89FA0-4812-4A2C-BD14-1BB5FF6003C1}.Debug|Any CPU.ActiveCfg = Debug|Any CPU
		{3BB89FA0-4812-4A2C-BD14-1BB5FF6003C1}.Debug|Any CPU.Build.0 = Debug|Any CPU
		{3BB89FA0-4812-4A2C-BD14-1BB5FF6003C1}.Release|Any CPU.ActiveCfg = Release|Any CPU
		{3BB89FA0-4812-4A2C-BD14-1BB5FF6003C1}.Release|Any CPU.Build.0 = Release|Any CPU
		{B28C4783-50A2-4895-9E0D-B26202FE9A5E}.Debug|Any CPU.ActiveCfg = Debug|Any CPU
		{B28C4783-50A2-4895-9E0D-B26202FE9A5E}.Debug|Any CPU.Build.0 = Debug|Any CPU
		{B28C4783-50A2-4895-9E0D-B26202FE9A5E}.Release|Any CPU.ActiveCfg = Release|Any CPU
		{B28C4783-50A2-4895-9E0D-B26202FE9A5E}.Release|Any CPU.Build.0 = Release|Any CPU
		{1183955A-B25E-4DDA-B052-FF881683234D}.Debug|Any CPU.ActiveCfg = Debug|Any CPU
		{1183955A-B25E-4DDA-B052-FF881683234D}.Debug|Any CPU.Build.0 = Debug|Any CPU
		{1183955A-B25E-4DDA-B052-FF881683234D}.Release|Any CPU.ActiveCfg = Release|Any CPU
		{1183955A-B25E-4DDA-B052-FF881683234D}.Release|Any CPU.Build.0 = Release|Any CPU
		{A20F37A8-0A49-4AFE-A6B1-EA04D0041685}.Debug|Any CPU.ActiveCfg = Debug|Any CPU
		{A20F37A8-0A49-4AFE-A6B1-EA04D0041685}.Debug|Any CPU.Build.0 = Debug|Any CPU
		{A20F37A8-0A49-4AFE-A6B1-EA04D0041685}.Release|Any CPU.ActiveCfg = Release|Any CPU
		{A20F37A8-0A49-4AFE-A6B1-EA04D0041685}.Release|Any CPU.Build.0 = Release|Any CPU
		{D2E77B1D-A0A7-4FE3-8EA8-DE6D423D91D9}.Debug|Any CPU.ActiveCfg = Debug|Any CPU
		{D2E77B1D-A0A7-4FE3-8EA8-DE6D423D91D9}.Debug|Any CPU.Build.0 = Debug|Any CPU
		{D2E77B1D-A0A7-4FE3-8EA8-DE6D423D91D9}.Release|Any CPU.ActiveCfg = Release|Any CPU
		{D2E77B1D-A0A7-4FE3-8EA8-DE6D423D91D9}.Release|Any CPU.Build.0 = Release|Any CPU
	EndGlobalSection
	GlobalSection(SolutionProperties) = preSolution
		HideSolutionNode = FALSE
	EndGlobalSection
	GlobalSection(ExtensibilityGlobals) = postSolution
		SolutionGuid = {AB00E719-8496-4EAE-8700-7C9FBF969BD6}
	EndGlobalSection
EndGlobal
