
Microsoft Visual Studio Solution File, Format Version 12.00
# Visual Studio Version 16
VisualStudioVersion = 25.0.1705.5
MinimumVisualStudioVersion = 10.0.40219.1
Project("{FAE04EC0-301F-11D3-BF4B-00C04F79EFBC}") = "qirvol", "qirvol\qirvol.csproj", "{A66F0440-565B-4836-AA6B-AE2F235F98F8}"
EndProject
Project("{F2A71F9B-5D33-465A-A702-920D77279786}") = "qtime", "qtime\qtime.fsproj", "{CC6F37AA-AB14-43C7-926B-D8657E03C23D}"
EndProject
Project("{F2A71F9B-5D33-465A-A702-920D77279786}") = "volatility", "volatility\volatility.fsproj", "{F3B26A77-FA01-46A4-AA3C-DC2E66EEE9B5}"
EndProject
Project("{F2A71F9B-5D33-465A-A702-920D77279786}") = "qrirvol_tests", "qrirvol_tests\qrirvol_tests.fsproj", "{43E33B12-BFD3-4515-9ABE-56457D622D6F}"
EndProject
Project("{FAE04EC0-301F-11D3-BF4B-00C04F79EFBC}") = "volatilityService", "volatilityService\volatilityService.csproj", "{3BB89FA0-4812-4A2C-BD14-1BB5FF6003C1}"
EndProject
Global
	GlobalSection(SolutionConfigurationPlatforms) = preSolution
		Debug|Any CPU = Debug|Any CPU
		Release|Any CPU = Release|Any CPU
	EndGlobalSection
	GlobalSection(ProjectConfigurationPlatforms) = postSolution
		{A66F0440-565B-4836-AA6B-AE2F235F98F8}.Debug|Any CPU.ActiveCfg = Debug|Any CPU
		{A66F0440-565B-4836-AA6B-AE2F235F98F8}.Debug|Any CPU.Build.0 = Debug|Any CPU
		{A66F0440-565B-4836-AA6B-AE2F235F98F8}.Release|Any CPU.ActiveCfg = Release|Any CPU
		{A66F0440-565B-4836-AA6B-AE2F235F98F8}.Release|Any CPU.Build.0 = Release|Any CPU
		{CC6F37AA-AB14-43C7-926B-D8657E03C23D}.Debug|Any CPU.ActiveCfg = Debug|Any CPU
		{CC6F37AA-AB14-43C7-926B-D8657E03C23D}.Debug|Any CPU.Build.0 = Debug|Any CPU
		{CC6F37AA-AB14-43C7-926B-D8657E03C23D}.Release|Any CPU.ActiveCfg = Release|Any CPU
		{CC6F37AA-AB14-43C7-926B-D8657E03C23D}.Release|Any CPU.Build.0 = Release|Any CPU
		{F3B26A77-FA01-46A4-AA3C-DC2E66EEE9B5}.Debug|Any CPU.ActiveCfg = Debug|Any CPU
		{F3B26A77-FA01-46A4-AA3C-DC2E66EEE9B5}.Debug|Any CPU.Build.0 = Debug|Any CPU
		{F3B26A77-FA01-46A4-AA3C-DC2E66EEE9B5}.Release|Any CPU.ActiveCfg = Release|Any CPU
		{F3B26A77-FA01-46A4-AA3C-DC2E66EEE9B5}.Release|Any CPU.Build.0 = Release|Any CPU
		{43E33B12-BFD3-4515-9ABE-56457D622D6F}.Debug|Any CPU.ActiveCfg = Debug|Any CPU
		{43E33B12-BFD3-4515-9ABE-56457D622D6F}.Debug|Any CPU.Build.0 = Debug|Any CPU
		{43E33B12-BFD3-4515-9ABE-56457D622D6F}.Release|Any CPU.ActiveCfg = Release|Any CPU
		{43E33B12-BFD3-4515-9ABE-56457D622D6F}.Release|Any CPU.Build.0 = Release|Any CPU
		{3BB89FA0-4812-4A2C-BD14-1BB5FF6003C1}.Debug|Any CPU.ActiveCfg = Debug|Any CPU
		{3BB89FA0-4812-4A2C-BD14-1BB5FF6003C1}.Debug|Any CPU.Build.0 = Debug|Any CPU
		{3BB89FA0-4812-4A2C-BD14-1BB5FF6003C1}.Release|Any CPU.ActiveCfg = Release|Any CPU
		{3BB89FA0-4812-4A2C-BD14-1BB5FF6003C1}.Release|Any CPU.Build.0 = Release|Any CPU
	EndGlobalSection
	GlobalSection(SolutionProperties) = preSolution
		HideSolutionNode = FALSE
	EndGlobalSection
	GlobalSection(ExtensibilityGlobals) = postSolution
		SolutionGuid = {AB00E719-8496-4EAE-8700-7C9FBF969BD6}
	EndGlobalSection
EndGlobal
